{
  "name": "module-mock",
  "version": "1.0.0",
  "lockfileVersion": 1,
  "requires": true,
  "dependencies": {
    "callsite": {
      "version": "1.0.0",
      "resolved": "https://registry.npmjs.org/callsite/-/callsite-1.0.0.tgz",
      "integrity": "sha1-KAOY5dZkvXQDi28JBRU+borxvCA="
    },
    "intercept-require": {
      "version": "1.1.0",
      "resolved": "https://registry.npmjs.org/intercept-require/-/intercept-require-1.1.0.tgz",
      "integrity": "sha1-6OJAnUrbJTXDGn5KBc9gzadE9mU=",
      "requires": {
        "callsite": "1.0.0",
        "object-assign": "2.1.1"
      }
    },
    "object-assign": {
      "version": "2.1.1",
      "resolved": "https://registry.npmjs.org/object-assign/-/object-assign-2.1.1.tgz",
      "integrity": "sha1-Q8NuXVaf+OSBbE76i+AtJpZ8GKo="
    }
  }
}
